{
  "version": 4,
  "terraform_version": "1.3.5",
  "serial": 1,
  "lineage": "07e4b33d-555c-7cf9-32ae-7cebd3abc3b7",
  "outputs": {},
  "resources": [
    {
      "mode": "managed",
      "type": "aws_vpc",
      "name": "my_vpc",
      "provider": "provider[\"registry.terraform.io/hashicorp/aws\"]",
      "instances": [
        {
          "schema_version": 1,
          "attributes": {
            "arn": "arn:aws:ec2:us-east-1:207094165077:vpc/vpc-0f43f4e2cdfa3208c",
            "assign_generated_ipv6_cidr_block": false,
            "cidr_block": "10.1.0.0/16",
            "default_network_acl_id": "acl-016853b7c5c3842b9",
            "default_route_table_id": "rtb-0eef78dcdbc32b143",
            "default_security_group_id": "sg-0e3578dedf78cc553",
            "dhcp_options_id": "dopt-01714c0749260efe7",
            "enable_classiclink": false,
            "enable_classiclink_dns_support": false,
            "enable_dns_hostnames": false,
            "enable_dns_support": false,
            "enable_network_address_usage_metrics": false,
            "id": "vpc-0f43f4e2cdfa3208c",
            "instance_tenancy": "default",
            "ipv4_ipam_pool_id": null,
            "ipv4_netmask_length": null,
            "ipv6_association_id": "",
            "ipv6_cidr_block": "",
            "ipv6_cidr_block_network_border_group": "",
            "ipv6_ipam_pool_id": "",
            "ipv6_netmask_length": 0,
            "main_route_table_id": "rtb-0eef78dcdbc32b143",
            "owner_id": "207094165077",
            "tags": null,
            "tags_all": {}
          },
          "sensitive_attributes": [],
          "private": "eyJzY2hlbWFfdmVyc2lvbiI6IjEifQ=="
        }
      ]
    }
  ],
  "check_results": null
}
